
Microsoft Visual Studio Solution File, Format Version 12.00
# Visual Studio Version 17
VisualStudioVersion = 17.13.35931.197 d17.13
MinimumVisualStudioVersion = 10.0.40219.1
Project("{FAE04EC0-301F-11D3-BF4B-00C04F79EFBC}") = "CapaPresentacionApp", "CapaPresentacionApp\CapaPresentacionApp.csproj", "{5FC38CFE-DA2D-46E3-8AB9-165068E658F6}"
EndProject
Project("{FAE04EC0-301F-11D3-BF4B-00C04F79EFBC}") = "CapaEntidad", "CapaEntidad\CapaEntidad.csproj", "{1DE67F4B-4665-429D-9D21-3357C1E8105E}"
EndProject
Project("{FAE04EC0-301F-11D3-BF4B-00C04F79EFBC}") = "CapaDatos", "CapaDatos\CapaDatos.csproj", "{5CC96D1E-833B-41E5-A50B-8B527D662184}"
EndProject
Project("{FAE04EC0-301F-11D3-BF4B-00C04F79EFBC}") = "CapaNegocio", "CapaNegocio\CapaNegocio.csproj", "{49B552FA-BA83-4FBF-BF48-57264268EB10}"
EndProject
Global
	GlobalSection(SolutionConfigurationPlatforms) = preSolution
		Debug|Any CPU = Debug|Any CPU
		Release|Any CPU = Release|Any CPU
	EndGlobalSection
	GlobalSection(ProjectConfigurationPlatforms) = postSolution
		{5FC38CFE-DA2D-46E3-8AB9-165068E658F6}.Debug|Any CPU.ActiveCfg = Debug|Any CPU
		{5FC38CFE-DA2D-46E3-8AB9-165068E658F6}.Debug|Any CPU.Build.0 = Debug|Any CPU
		{5FC38CFE-DA2D-46E3-8AB9-165068E658F6}.Release|Any CPU.ActiveCfg = Release|Any CPU
		{5FC38CFE-DA2D-46E3-8AB9-165068E658F6}.Release|Any CPU.Build.0 = Release|Any CPU
		{1DE67F4B-4665-429D-9D21-3357C1E8105E}.Debug|Any CPU.ActiveCfg = Debug|Any CPU
		{1DE67F4B-4665-429D-9D21-3357C1E8105E}.Debug|Any CPU.Build.0 = Debug|Any CPU
		{1DE67F4B-4665-429D-9D21-3357C1E8105E}.Release|Any CPU.ActiveCfg = Release|Any CPU
		{1DE67F4B-4665-429D-9D21-3357C1E8105E}.Release|Any CPU.Build.0 = Release|Any CPU
		{5CC96D1E-833B-41E5-A50B-8B527D662184}.Debug|Any CPU.ActiveCfg = Debug|Any CPU
		{5CC96D1E-833B-41E5-A50B-8B527D662184}.Debug|Any CPU.Build.0 = Debug|Any CPU
		{5CC96D1E-833B-41E5-A50B-8B527D662184}.Release|Any CPU.ActiveCfg = Release|Any CPU
		{5CC96D1E-833B-41E5-A50B-8B527D662184}.Release|Any CPU.Build.0 = Release|Any CPU
		{49B552FA-BA83-4FBF-BF48-57264268EB10}.Debug|Any CPU.ActiveCfg = Debug|Any CPU
		{49B552FA-BA83-4FBF-BF48-57264268EB10}.Debug|Any CPU.Build.0 = Debug|Any CPU
		{49B552FA-BA83-4FBF-BF48-57264268EB10}.Release|Any CPU.ActiveCfg = Release|Any CPU
		{49B552FA-BA83-4FBF-BF48-57264268EB10}.Release|Any CPU.Build.0 = Release|Any CPU
	EndGlobalSection
	GlobalSection(SolutionProperties) = preSolution
		HideSolutionNode = FALSE
	EndGlobalSection
	GlobalSection(ExtensibilityGlobals) = postSolution
		SolutionGuid = {9C6D77DE-A22A-4118-868B-EBD701F7DFA0}
	EndGlobalSection
EndGlobal
